
Microsoft Visual Studio Solution File, Format Version 12.00
# Visual Studio 15
Project("{FAE04EC0-301F-11D3-BF4B-00C04F79EFBC}") = "ExampleGame", "ExampleGame\ExampleGame.csproj", "{5CFA65FA-843F-43BA-B20A-F1CFF4A9FFFC}"
EndProject
Global
	GlobalSection(SolutionConfigurationPlatforms) = preSolution
		Debug|Any CPU = Debug|Any CPU
		Release|Any CPU = Release|Any CPU
	EndGlobalSection
	GlobalSection(ProjectConfigurationPlatforms) = postSolution
		{5CFA65FA-843F-43BA-B20A-F1CFF4A9FFFC}.Debug|Any CPU.ActiveCfg = Debug|Any CPU
		{5CFA65FA-843F-43BA-B20A-F1CFF4A9FFFC}.Debug|Any CPU.Build.0 = Debug|Any CPU
		{5CFA65FA-843F-43BA-B20A-F1CFF4A9FFFC}.Release|Any CPU.ActiveCfg = Release|Any CPU
		{5CFA65FA-843F-43BA-B20A-F1CFF4A9FFFC}.Release|Any CPU.Build.0 = Release|Any CPU
	EndGlobalSection
EndGlobal
